
Microsoft Visual Studio Solution File, Format Version 12.00
# Visual Studio 15
Project("{FAE04EC0-301F-11D3-BF4B-00C04F79EFBC}") = "Assembly-CSharp", "Assembly-CSharp.csproj", "{52D0ED69-79E9-5156-4534-F93F2ECB6954}"
EndProject
Project("{FAE04EC0-301F-11D3-BF4B-00C04F79EFBC}") = "Assembly-CSharp-Editor", "Assembly-CSharp-Editor.csproj", "{EBF4579B-33F1-BA2D-D127-9882B3B48B99}"
EndProject
Global
	GlobalSection(SolutionConfigurationPlatforms) = preSolution
		Debug|Any CPU = Debug|Any CPU
		Release|Any CPU = Release|Any CPU
	EndGlobalSection
	GlobalSection(ProjectConfigurationPlatforms) = postSolution
		{52D0ED69-79E9-5156-4534-F93F2ECB6954}.Debug|Any CPU.ActiveCfg = Debug|Any CPU
		{52D0ED69-79E9-5156-4534-F93F2ECB6954}.Debug|Any CPU.Build.0 = Debug|Any CPU
		{52D0ED69-79E9-5156-4534-F93F2ECB6954}.Release|Any CPU.ActiveCfg = Release|Any CPU
		{52D0ED69-79E9-5156-4534-F93F2ECB6954}.Release|Any CPU.Build.0 = Release|Any CPU
		{EBF4579B-33F1-BA2D-D127-9882B3B48B99}.Debug|Any CPU.ActiveCfg = Debug|Any CPU
		{EBF4579B-33F1-BA2D-D127-9882B3B48B99}.Debug|Any CPU.Build.0 = Debug|Any CPU
		{EBF4579B-33F1-BA2D-D127-9882B3B48B99}.Release|Any CPU.ActiveCfg = Release|Any CPU
		{EBF4579B-33F1-BA2D-D127-9882B3B48B99}.Release|Any CPU.Build.0 = Release|Any CPU
	EndGlobalSection
	GlobalSection(SolutionProperties) = preSolution
		HideSolutionNode = FALSE
	EndGlobalSection
EndGlobal
